// !$*UTF8*$!
{
	archiveVersion = 1;
	classes = {
	};
	objectVersion = 50;
	objects = {

/* Begin PBXBuildFile section */
		37DBD27D20BC304E0041E266 /* AppDelegate.swift in Sources */ = {isa = PBXBuildFile; fileRef = 37DBD27C20BC304E0041E266 /* AppDelegate.swift */; };
		37DBD27F20BC304E0041E266 /* ViewController.swift in Sources */ = {isa = PBXBuildFile; fileRef = 37DBD27E20BC304E0041E266 /* ViewController.swift */; };
		37DBD28220BC304E0041E266 /* Main.storyboard in Resources */ = {isa = PBXBuildFile; fileRef = 37DBD28020BC304E0041E266 /* Main.storyboard */; };
		37DBD28420BC30520041E266 /* Assets.xcassets in Resources */ = {isa = PBXBuildFile; fileRef = 37DBD28320BC30520041E266 /* Assets.xcassets */; };
		37DBD28720BC30520041E266 /* LaunchScreen.storyboard in Resources */ = {isa = PBXBuildFile; fileRef = 37DBD28520BC30520041E266 /* LaunchScreen.storyboard */; };
		37ECA3D420BD37E9004CB7B4 /* Clarifai_Apple_SDK.framework in Frameworks */ = {isa = PBXBuildFile; fileRef = 37ECA3D320BD37E9004CB7B4 /* Clarifai_Apple_SDK.framework */; };
		37ECA3D920BD3807004CB7B4 /* CoreGraphics.framework in Frameworks */ = {isa = PBXBuildFile; fileRef = 37ECA3D720BD3806004CB7B4 /* CoreGraphics.framework */; };
		37ECA3DA20BD3807004CB7B4 /* Accelerate.framework in Frameworks */ = {isa = PBXBuildFile; fileRef = 37ECA3D820BD3807004CB7B4 /* Accelerate.framework */; };
		37ECA3E020BD3845004CB7B4 /* libc++.tbd in Frameworks */ = {isa = PBXBuildFile; fileRef = 37ECA3DB20BD3845004CB7B4 /* libc++.tbd */; };
		37ECA3E120BD3845004CB7B4 /* libz.tbd in Frameworks */ = {isa = PBXBuildFile; fileRef = 37ECA3DC20BD3845004CB7B4 /* libz.tbd */; };
		37ECA3E220BD3846004CB7B4 /* Foundation.framework in Frameworks */ = {isa = PBXBuildFile; fileRef = 37ECA3DD20BD3845004CB7B4 /* Foundation.framework */; };
		37ECA3E320BD3846004CB7B4 /* libsqlite3.tbd in Frameworks */ = {isa = PBXBuildFile; fileRef = 37ECA3DE20BD3845004CB7B4 /* libsqlite3.tbd */; };
		37ECA3E420BD3846004CB7B4 /* UIKit.framework in Frameworks */ = {isa = PBXBuildFile; fileRef = 37ECA3DF20BD3845004CB7B4 /* UIKit.framework */; };
		37ECA3E720BD4A60004CB7B4 /* Clarifai_Apple_SDK.framework in Embed Frameworks */ = {isa = PBXBuildFile; fileRef = 37ECA3D320BD37E9004CB7B4 /* Clarifai_Apple_SDK.framework */; settings = {ATTRIBUTES = (CodeSignOnCopy, RemoveHeadersOnCopy, ); }; };
/* End PBXBuildFile section */

/* Begin PBXCopyFilesBuildPhase section */
		37ECA3E820BD4A61004CB7B4 /* Embed Frameworks */ = {
			isa = PBXCopyFilesBuildPhase;
			buildActionMask = 12;
			dstPath = "";
			dstSubfolderSpec = 10;
			files = (
				37ECA3E720BD4A60004CB7B4 /* Clarifai_Apple_SDK.framework in Embed Frameworks */,
			);
			name = "Embed Frameworks";
			runOnlyForDeploymentPostprocessing = 0;
		};
/* End PBXCopyFilesBuildPhase section */

/* Begin PBXFileReference section */
		37DBD27920BC304E0041E266 /* SchatzmAIster.app */ = {isa = PBXFileReference; explicitFileType = wrapper.application; includeInIndex = 0; path = SchatzmAIster.app; sourceTree = BUILT_PRODUCTS_DIR; };
		37DBD27C20BC304E0041E266 /* AppDelegate.swift */ = {isa = PBXFileReference; lastKnownFileType = sourcecode.swift; path = AppDelegate.swift; sourceTree = "<group>"; };
		37DBD27E20BC304E0041E266 /* ViewController.swift */ = {isa = PBXFileReference; lastKnownFileType = sourcecode.swift; path = ViewController.swift; sourceTree = "<group>"; };
		37DBD28120BC304E0041E266 /* Base */ = {isa = PBXFileReference; lastKnownFileType = file.storyboard; name = Base; path = Base.lproj/Main.storyboard; sourceTree = "<group>"; };
		37DBD28320BC30520041E266 /* Assets.xcassets */ = {isa = PBXFileReference; lastKnownFileType = folder.assetcatalog; path = Assets.xcassets; sourceTree = "<group>"; };
		37DBD28620BC30520041E266 /* Base */ = {isa = PBXFileReference; lastKnownFileType = file.storyboard; name = Base; path = Base.lproj/LaunchScreen.storyboard; sourceTree = "<group>"; };
		37DBD28820BC30520041E266 /* Info.plist */ = {isa = PBXFileReference; lastKnownFileType = text.plist.xml; path = Info.plist; sourceTree = "<group>"; };
		37ECA3D320BD37E9004CB7B4 /* Clarifai_Apple_SDK.framework */ = {isa = PBXFileReference; lastKnownFileType = wrapper.framework; name = Clarifai_Apple_SDK.framework; path = Clarifai/Clarifai_Apple_SDK.framework; sourceTree = "<group>"; };
		37ECA3D720BD3806004CB7B4 /* CoreGraphics.framework */ = {isa = PBXFileReference; lastKnownFileType = wrapper.framework; name = CoreGraphics.framework; path = System/Library/Frameworks/CoreGraphics.framework; sourceTree = SDKROOT; };
		37ECA3D820BD3807004CB7B4 /* Accelerate.framework */ = {isa = PBXFileReference; lastKnownFileType = wrapper.framework; name = Accelerate.framework; path = System/Library/Frameworks/Accelerate.framework; sourceTree = SDKROOT; };
		37ECA3DB20BD3845004CB7B4 /* libc++.tbd */ = {isa = PBXFileReference; lastKnownFileType = "sourcecode.text-based-dylib-definition"; name = "libc++.tbd"; path = "usr/lib/libc++.tbd"; sourceTree = SDKROOT; };
		37ECA3DC20BD3845004CB7B4 /* libz.tbd */ = {isa = PBXFileReference; lastKnownFileType = "sourcecode.text-based-dylib-definition"; name = libz.tbd; path = usr/lib/libz.tbd; sourceTree = SDKROOT; };
		37ECA3DD20BD3845004CB7B4 /* Foundation.framework */ = {isa = PBXFileReference; lastKnownFileType = wrapper.framework; name = Foundation.framework; path = System/Library/Frameworks/Foundation.framework; sourceTree = SDKROOT; };
		37ECA3DE20BD3845004CB7B4 /* libsqlite3.tbd */ = {isa = PBXFileReference; lastKnownFileType = "sourcecode.text-based-dylib-definition"; name = libsqlite3.tbd; path = usr/lib/libsqlite3.tbd; sourceTree = SDKROOT; };
		37ECA3DF20BD3845004CB7B4 /* UIKit.framework */ = {isa = PBXFileReference; lastKnownFileType = wrapper.framework; name = UIKit.framework; path = System/Library/Frameworks/UIKit.framework; sourceTree = SDKROOT; };
/* End PBXFileReference section */

/* Begin PBXFrameworksBuildPhase section */
		37DBD27620BC304E0041E266 /* Frameworks */ = {
			isa = PBXFrameworksBuildPhase;
			buildActionMask = 2147483647;
			files = (
				37ECA3D420BD37E9004CB7B4 /* Clarifai_Apple_SDK.framework in Frameworks */,
				37ECA3E020BD3845004CB7B4 /* libc++.tbd in Frameworks */,
				37ECA3E120BD3845004CB7B4 /* libz.tbd in Frameworks */,
				37ECA3E220BD3846004CB7B4 /* Foundation.framework in Frameworks */,
				37ECA3E320BD3846004CB7B4 /* libsqlite3.tbd in Frameworks */,
				37ECA3E420BD3846004CB7B4 /* UIKit.framework in Frameworks */,
				37ECA3D920BD3807004CB7B4 /* CoreGraphics.framework in Frameworks */,
				37ECA3DA20BD3807004CB7B4 /* Accelerate.framework in Frameworks */,
			);
			runOnlyForDeploymentPostprocessing = 0;
		};
/* End PBXFrameworksBuildPhase section */

/* Begin PBXGroup section */
		37DBD27020BC304E0041E266 = {
			isa = PBXGroup;
			children = (
				37ECA3D320BD37E9004CB7B4 /* Clarifai_Apple_SDK.framework */,
				37DBD27B20BC304E0041E266 /* SchatzmAIster */,
				37DBD27A20BC304E0041E266 /* Products */,
				C8F0B65C209D28A4BC8E68D0 /* Frameworks */,
			);
			sourceTree = "<group>";
		};
		37DBD27A20BC304E0041E266 /* Products */ = {
			isa = PBXGroup;
			children = (
				37DBD27920BC304E0041E266 /* SchatzmAIster.app */,
			);
			name = Products;
			sourceTree = "<group>";
		};
		37DBD27B20BC304E0041E266 /* SchatzmAIster */ = {
			isa = PBXGroup;
			children = (
				37DBD27C20BC304E0041E266 /* AppDelegate.swift */,
				37DBD27E20BC304E0041E266 /* ViewController.swift */,
				37DBD28020BC304E0041E266 /* Main.storyboard */,
				37DBD28320BC30520041E266 /* Assets.xcassets */,
				37DBD28520BC30520041E266 /* LaunchScreen.storyboard */,
				37DBD28820BC30520041E266 /* Info.plist */,
			);
			path = SchatzmAIster;
			sourceTree = "<group>";
		};
		C8F0B65C209D28A4BC8E68D0 /* Frameworks */ = {
			isa = PBXGroup;
			children = (
				37ECA3DD20BD3845004CB7B4 /* Foundation.framework */,
				37ECA3DB20BD3845004CB7B4 /* libc++.tbd */,
				37ECA3DE20BD3845004CB7B4 /* libsqlite3.tbd */,
				37ECA3DC20BD3845004CB7B4 /* libz.tbd */,
				37ECA3DF20BD3845004CB7B4 /* UIKit.framework */,
				37ECA3D820BD3807004CB7B4 /* Accelerate.framework */,
				37ECA3D720BD3806004CB7B4 /* CoreGraphics.framework */,
			);
			name = Frameworks;
			sourceTree = "<group>";
		};
/* End PBXGroup section */

/* Begin PBXNativeTarget section */
		37DBD27820BC304E0041E266 /* SchatzmAIster */ = {
			isa = PBXNativeTarget;
			buildConfigurationList = 37DBD28B20BC30520041E266 /* Build configuration list for PBXNativeTarget "SchatzmAIster" */;
			buildPhases = (
				37DBD27520BC304E0041E266 /* Sources */,
				37ECA3E520BD3854004CB7B4 /* ShellScript */,
				37DBD27620BC304E0041E266 /* Frameworks */,
				37DBD27720BC304E0041E266 /* Resources */,
				37ECA3E820BD4A61004CB7B4 /* Embed Frameworks */,
			);
			buildRules = (
			);
			dependencies = (
			);
			name = SchatzmAIster;
			productName = SchatzmAIster;
			productReference = 37DBD27920BC304E0041E266 /* SchatzmAIster.app */;
			productType = "com.apple.product-type.application";
		};
/* End PBXNativeTarget section */

/* Begin PBXProject section */
		37DBD27120BC304E0041E266 /* Project object */ = {
			isa = PBXProject;
			attributes = {
				LastSwiftUpdateCheck = 0930;
				LastUpgradeCheck = 0930;
				ORGANIZATIONNAME = "Sven Schoeni";
				TargetAttributes = {
					37DBD27820BC304E0041E266 = {
						CreatedOnToolsVersion = 9.3.1;
					};
				};
			};
			buildConfigurationList = 37DBD27420BC304E0041E266 /* Build configuration list for PBXProject "SchatzmAIster" */;
			compatibilityVersion = "Xcode 9.3";
			developmentRegion = en;
			hasScannedForEncodings = 0;
			knownRegions = (
				en,
				Base,
			);
			mainGroup = 37DBD27020BC304E0041E266;
			productRefGroup = 37DBD27A20BC304E0041E266 /* Products */;
			projectDirPath = "";
			projectRoot = "";
			targets = (
				37DBD27820BC304E0041E266 /* SchatzmAIster */,
			);
		};
/* End PBXProject section */

/* Begin PBXResourcesBuildPhase section */
		37DBD27720BC304E0041E266 /* Resources */ = {
			isa = PBXResourcesBuildPhase;
			buildActionMask = 2147483647;
			files = (
				37DBD28720BC30520041E266 /* LaunchScreen.storyboard in Resources */,
				37DBD28420BC30520041E266 /* Assets.xcassets in Resources */,
				37DBD28220BC304E0041E266 /* Main.storyboard in Resources */,
			);
			runOnlyForDeploymentPostprocessing = 0;
		};
/* End PBXResourcesBuildPhase section */

/* Begin PBXShellScriptBuildPhase section */
		37ECA3E520BD3854004CB7B4 /* ShellScript */ = {
			isa = PBXShellScriptBuildPhase;
			buildActionMask = 2147483647;
			files = (
			);
			inputPaths = (
			);
			outputPaths = (
			);
			runOnlyForDeploymentPostprocessing = 0;
			shellPath = /bin/sh;
			shellScript = "\"$PROJECT_DIR/Clarifai/setup_framework.sh\"";
		};
/* End PBXShellScriptBuildPhase section */

/* Begin PBXSourcesBuildPhase section */
		37DBD27520BC304E0041E266 /* Sources */ = {
			isa = PBXSourcesBuildPhase;
			buildActionMask = 2147483647;
			files = (
				37DBD27F20BC304E0041E266 /* ViewController.swift in Sources */,
				37DBD27D20BC304E0041E266 /* AppDelegate.swift in Sources */,
			);
			runOnlyForDeploymentPostprocessing = 0;
		};
/* End PBXSourcesBuildPhase section */

/* Begin PBXVariantGroup section */
		37DBD28020BC304E0041E266 /* Main.storyboard */ = {
			isa = PBXVariantGroup;
			children = (
				37DBD28120BC304E0041E266 /* Base */,
			);
			name = Main.storyboard;
			sourceTree = "<group>";
		};
		37DBD28520BC30520041E266 /* LaunchScreen.storyboard */ = {
			isa = PBXVariantGroup;
			children = (
				37DBD28620BC30520041E266 /* Base */,
			);
			name = LaunchScreen.storyboard;
			sourceTree = "<group>";
		};
/* End PBXVariantGroup section */

/* Begin XCBuildConfiguration section */
		37DBD28920BC30520041E266 /* Debug */ = {
			isa = XCBuildConfiguration;
			buildSettings = {
				ALWAYS_SEARCH_USER_PATHS = NO;
				CLANG_ANALYZER_NONNULL = YES;
				CLANG_ANALYZER_NUMBER_OBJECT_CONVERSION = YES_AGGRESSIVE;
				CLANG_CXX_LANGUAGE_STANDARD = "gnu++14";
				CLANG_CXX_LIBRARY = "libc++";
				CLANG_ENABLE_MODULES = YES;
				CLANG_ENABLE_OBJC_ARC = YES;
				CLANG_ENABLE_OBJC_WEAK = YES;
				CLANG_WARN_BLOCK_CAPTURE_AUTORELEASING = YES;
				CLANG_WARN_BOOL_CONVERSION = YES;
				CLANG_WARN_COMMA = YES;
				CLANG_WARN_CONSTANT_CONVERSION = YES;
				CLANG_WARN_DEPRECATED_OBJC_IMPLEMENTATIONS = YES;
				CLANG_WARN_DIRECT_OBJC_ISA_USAGE = YES_ERROR;
				CLANG_WARN_DOCUMENTATION_COMMENTS = YES;
				CLANG_WARN_EMPTY_BODY = YES;
				CLANG_WARN_ENUM_CONVERSION = YES;
				CLANG_WARN_INFINITE_RECURSION = YES;
				CLANG_WARN_INT_CONVERSION = YES;
				CLANG_WARN_NON_LITERAL_NULL_CONVERSION = YES;
				CLANG_WARN_OBJC_IMPLICIT_RETAIN_SELF = YES;
				CLANG_WARN_OBJC_LITERAL_CONVERSION = YES;
				CLANG_WARN_OBJC_ROOT_CLASS = YES_ERROR;
				CLANG_WARN_RANGE_LOOP_ANALYSIS = YES;
				CLANG_WARN_STRICT_PROTOTYPES = YES;
				CLANG_WARN_SUSPICIOUS_MOVE = YES;
				CLANG_WARN_UNGUARDED_AVAILABILITY = YES_AGGRESSIVE;
				CLANG_WARN_UNREACHABLE_CODE = YES;
				CLANG_WARN__DUPLICATE_METHOD_MATCH = YES;
				CODE_SIGN_IDENTITY = "iPhone Developer";
				COPY_PHASE_STRIP = NO;
				DEBUG_INFORMATION_FORMAT = dwarf;
				ENABLE_STRICT_OBJC_MSGSEND = YES;
				ENABLE_TESTABILITY = YES;
				GCC_C_LANGUAGE_STANDARD = gnu11;
				GCC_DYNAMIC_NO_PIC = NO;
				GCC_NO_COMMON_BLOCKS = YES;
				GCC_OPTIMIZATION_LEVEL = 0;
				GCC_PREPROCESSOR_DEFINITIONS = (
					"DEBUG=1",
					"$(inherited)",
				);
				GCC_WARN_64_TO_32_BIT_CONVERSION = YES;
				GCC_WARN_ABOUT_RETURN_TYPE = YES_ERROR;
				GCC_WARN_UNDECLARED_SELECTOR = YES;
				GCC_WARN_UNINITIALIZED_AUTOS = YES_AGGRESSIVE;
				GCC_WARN_UNUSED_FUNCTION = YES;
				GCC_WARN_UNUSED_VARIABLE = YES;
				IPHONEOS_DEPLOYMENT_TARGET = 11.3;
				MTL_ENABLE_DEBUG_INFO = YES;
				ONLY_ACTIVE_ARCH = YES;
				SDKROOT = iphoneos;
				SWIFT_ACTIVE_COMPILATION_CONDITIONS = DEBUG;
				SWIFT_OPTIMIZATION_LEVEL = "-Onone";
			};
			name = Debug;
		};
		37DBD28A20BC30520041E266 /* Release */ = {
			isa = XCBuildConfiguration;
			buildSettings = {
				ALWAYS_SEARCH_USER_PATHS = NO;
				CLANG_ANALYZER_NONNULL = YES;
				CLANG_ANALYZER_NUMBER_OBJECT_CONVERSION = YES_AGGRESSIVE;
				CLANG_CXX_LANGUAGE_STANDARD = "gnu++14";
				CLANG_CXX_LIBRARY = "libc++";
				CLANG_ENABLE_MODULES = YES;
				CLANG_ENABLE_OBJC_ARC = YES;
				CLANG_ENABLE_OBJC_WEAK = YES;
				CLANG_WARN_BLOCK_CAPTURE_AUTORELEASING = YES;
				CLANG_WARN_BOOL_CONVERSION = YES;
				CLANG_WARN_COMMA = YES;
				CLANG_WARN_CONSTANT_CONVERSION = YES;
				CLANG_WARN_DEPRECATED_OBJC_IMPLEMENTATIONS = YES;
				CLANG_WARN_DIRECT_OBJC_ISA_USAGE = YES_ERROR;
				CLANG_WARN_DOCUMENTATION_COMMENTS = YES;
				CLANG_WARN_EMPTY_BODY = YES;
				CLANG_WARN_ENUM_CONVERSION = YES;
				CLANG_WARN_INFINITE_RECURSION = YES;
				CLANG_WARN_INT_CONVERSION = YES;
				CLANG_WARN_NON_LITERAL_NULL_CONVERSION = YES;
				CLANG_WARN_OBJC_IMPLICIT_RETAIN_SELF = YES;
				CLANG_WARN_OBJC_LITERAL_CONVERSION = YES;
				CLANG_WARN_OBJC_ROOT_CLASS = YES_ERROR;
				CLANG_WARN_RANGE_LOOP_ANALYSIS = YES;
				CLANG_WARN_STRICT_PROTOTYPES = YES;
				CLANG_WARN_SUSPICIOUS_MOVE = YES;
				CLANG_WARN_UNGUARDED_AVAILABILITY = YES_AGGRESSIVE;
				CLANG_WARN_UNREACHABLE_CODE = YES;
				CLANG_WARN__DUPLICATE_METHOD_MATCH = YES;
				CODE_SIGN_IDENTITY = "iPhone Developer";
				COPY_PHASE_STRIP = NO;
				DEBUG_INFORMATION_FORMAT = "dwarf-with-dsym";
				ENABLE_NS_ASSERTIONS = NO;
				ENABLE_STRICT_OBJC_MSGSEND = YES;
				GCC_C_LANGUAGE_STANDARD = gnu11;
				GCC_NO_COMMON_BLOCKS = YES;
				GCC_WARN_64_TO_32_BIT_CONVERSION = YES;
				GCC_WARN_ABOUT_RETURN_TYPE = YES_ERROR;
				GCC_WARN_UNDECLARED_SELECTOR = YES;
				GCC_WARN_UNINITIALIZED_AUTOS = YES_AGGRESSIVE;
				GCC_WARN_UNUSED_FUNCTION = YES;
				GCC_WARN_UNUSED_VARIABLE = YES;
				IPHONEOS_DEPLOYMENT_TARGET = 11.3;
				MTL_ENABLE_DEBUG_INFO = NO;
				SDKROOT = iphoneos;
				SWIFT_COMPILATION_MODE = wholemodule;
				SWIFT_OPTIMIZATION_LEVEL = "-O";
				VALIDATE_PRODUCT = YES;
			};
			name = Release;
		};
		37DBD28C20BC30520041E266 /* Debug */ = {
			isa = XCBuildConfiguration;
			buildSettings = {
				ASSETCATALOG_COMPILER_APPICON_NAME = AppIcon;
				CODE_SIGN_STYLE = Automatic;
				DEVELOPMENT_TEAM = 28WXQA64V7;
				FRAMEWORK_SEARCH_PATHS = (
					"$(inherited)",
					"$(PROJECT_DIR)/Clarifai",
				);
				INFOPLIST_FILE = SchatzmAIster/Info.plist;
				LD_RUNPATH_SEARCH_PATHS = (
					"$(inherited)",
					"@executable_path/Frameworks",
				);
				PRODUCT_BUNDLE_IDENTIFIER = ch.mobi.cdays.schatzmaister.SchatzmAIster;
				PRODUCT_NAME = "$(TARGET_NAME)";
				SWIFT_VERSION = 4.0;
				TARGETED_DEVICE_FAMILY = "1,2";
				VALID_ARCHS = "armv7 armv7s arm64";
			};
			name = Debug;
		};
		37DBD28D20BC30520041E266 /* Release */ = {
			isa = XCBuildConfiguration;
			buildSettings = {
				ASSETCATALOG_COMPILER_APPICON_NAME = AppIcon;
				CODE_SIGN_STYLE = Automatic;
				DEVELOPMENT_TEAM = 28WXQA64V7;
				FRAMEWORK_SEARCH_PATHS = (
					"$(inherited)",
					"$(PROJECT_DIR)/Clarifai",
				);
				INFOPLIST_FILE = SchatzmAIster/Info.plist;
				LD_RUNPATH_SEARCH_PATHS = (
					"$(inherited)",
					"@executable_path/Frameworks",
				);
				PRODUCT_BUNDLE_IDENTIFIER = ch.mobi.cdays.schatzmaister.SchatzmAIster;
				PRODUCT_NAME = "$(TARGET_NAME)";
				SWIFT_VERSION = 4.0;
				TARGETED_DEVICE_FAMILY = "1,2";
				VALID_ARCHS = "armv7 armv7s arm64";
			};
			name = Release;
		};
/* End XCBuildConfiguration section */

/* Begin XCConfigurationList section */
		37DBD27420BC304E0041E266 /* Build configuration list for PBXProject "SchatzmAIster" */ = {
			isa = XCConfigurationList;
			buildConfigurations = (
				37DBD28920BC30520041E266 /* Debug */,
				37DBD28A20BC30520041E266 /* Release */,
			);
			defaultConfigurationIsVisible = 0;
			defaultConfigurationName = Release;
		};
		37DBD28B20BC30520041E266 /* Build configuration list for PBXNativeTarget "SchatzmAIster" */ = {
			isa = XCConfigurationList;
			buildConfigurations = (
				37DBD28C20BC30520041E266 /* Debug */,
				37DBD28D20BC30520041E266 /* Release */,
			);
			defaultConfigurationIsVisible = 0;
			defaultConfigurationName = Release;
		};
/* End XCConfigurationList section */
	};
	rootObject = 37DBD27120BC304E0041E266 /* Project object */;
}
